// !$*UTF8*$!
{
	archiveVersion = 1;
	classes = {
	};
	objectVersion = 46;
	objects = {

/* Begin PBXBuildFile section */
		860B040C1AA7A8ED00B3D96E /* main.m in Sources */ = {isa = PBXBuildFile; fileRef = 860B040B1AA7A8ED00B3D96E /* main.m */; };
		860B040F1AA7A8ED00B3D96E /* AppDelegate.m in Sources */ = {isa = PBXBuildFile; fileRef = 860B040E1AA7A8ED00B3D96E /* AppDelegate.m */; };
		860B04121AA7A8ED00B3D96E /* GameScene.m in Sources */ = {isa = PBXBuildFile; fileRef = 860B04111AA7A8ED00B3D96E /* GameScene.m */; };
		860B04141AA7A8ED00B3D96E /* GameScene.sks in Resources */ = {isa = PBXBuildFile; fileRef = 860B04131AA7A8ED00B3D96E /* GameScene.sks */; };
		860B04171AA7A8ED00B3D96E /* GameViewController.m in Sources */ = {isa = PBXBuildFile; fileRef = 860B04161AA7A8ED00B3D96E /* GameViewController.m */; };
		860B041A1AA7A8ED00B3D96E /* Main.storyboard in Resources */ = {isa = PBXBuildFile; fileRef = 860B04181AA7A8ED00B3D96E /* Main.storyboard */; };
		860B041C1AA7A8ED00B3D96E /* Images.xcassets in Resources */ = {isa = PBXBuildFile; fileRef = 860B041B1AA7A8ED00B3D96E /* Images.xcassets */; };
		860B041F1AA7A8ED00B3D96E /* LaunchScreen.xib in Resources */ = {isa = PBXBuildFile; fileRef = 860B041D1AA7A8ED00B3D96E /* LaunchScreen.xib */; };
		860B042B1AA7A8ED00B3D96E /* MyPetTests.m in Sources */ = {isa = PBXBuildFile; fileRef = 860B042A1AA7A8ED00B3D96E /* MyPetTests.m */; };
/* End PBXBuildFile section */

/* Begin PBXContainerItemProxy section */
		860B04251AA7A8ED00B3D96E /* PBXContainerItemProxy */ = {
			isa = PBXContainerItemProxy;
			containerPortal = 860B03FE1AA7A8ED00B3D96E /* Project object */;
			proxyType = 1;
			remoteGlobalIDString = 860B04051AA7A8ED00B3D96E;
			remoteInfo = MyPet;
		};
/* End PBXContainerItemProxy section */

/* Begin PBXFileReference section */
		860B04061AA7A8ED00B3D96E /* MyPet.app */ = {isa = PBXFileReference; explicitFileType = wrapper.application; includeInIndex = 0; path = MyPet.app; sourceTree = BUILT_PRODUCTS_DIR; };
		860B040A1AA7A8ED00B3D96E /* Info.plist */ = {isa = PBXFileReference; lastKnownFileType = text.plist.xml; path = Info.plist; sourceTree = "<group>"; };
		860B040B1AA7A8ED00B3D96E /* main.m */ = {isa = PBXFileReference; lastKnownFileType = sourcecode.c.objc; path = main.m; sourceTree = "<group>"; };
		860B040D1AA7A8ED00B3D96E /* AppDelegate.h */ = {isa = PBXFileReference; lastKnownFileType = sourcecode.c.h; path = AppDelegate.h; sourceTree = "<group>"; };
		860B040E1AA7A8ED00B3D96E /* AppDelegate.m */ = {isa = PBXFileReference; lastKnownFileType = sourcecode.c.objc; path = AppDelegate.m; sourceTree = "<group>"; };
		860B04101AA7A8ED00B3D96E /* GameScene.h */ = {isa = PBXFileReference; lastKnownFileType = sourcecode.c.h; path = GameScene.h; sourceTree = "<group>"; };
		860B04111AA7A8ED00B3D96E /* GameScene.m */ = {isa = PBXFileReference; lastKnownFileType = sourcecode.c.objc; path = GameScene.m; sourceTree = "<group>"; };
		860B04131AA7A8ED00B3D96E /* GameScene.sks */ = {isa = PBXFileReference; lastKnownFileType = file.sks; path = GameScene.sks; sourceTree = "<group>"; };
		860B04151AA7A8ED00B3D96E /* GameViewController.h */ = {isa = PBXFileReference; lastKnownFileType = sourcecode.c.h; path = GameViewController.h; sourceTree = "<group>"; };
		860B04161AA7A8ED00B3D96E /* GameViewController.m */ = {isa = PBXFileReference; lastKnownFileType = sourcecode.c.objc; path = GameViewController.m; sourceTree = "<group>"; };
		860B04191AA7A8ED00B3D96E /* Base */ = {isa = PBXFileReference; lastKnownFileType = file.storyboard; name = Base; path = Base.lproj/Main.storyboard; sourceTree = "<group>"; };
		860B041B1AA7A8ED00B3D96E /* Images.xcassets */ = {isa = PBXFileReference; lastKnownFileType = folder.assetcatalog; path = Images.xcassets; sourceTree = "<group>"; };
		860B041E1AA7A8ED00B3D96E /* Base */ = {isa = PBXFileReference; lastKnownFileType = file.xib; name = Base; path = Base.lproj/LaunchScreen.xib; sourceTree = "<group>"; };
		860B04241AA7A8ED00B3D96E /* MyPetTests.xctest */ = {isa = PBXFileReference; explicitFileType = wrapper.cfbundle; includeInIndex = 0; path = MyPetTests.xctest; sourceTree = BUILT_PRODUCTS_DIR; };
		860B04291AA7A8ED00B3D96E /* Info.plist */ = {isa = PBXFileReference; lastKnownFileType = text.plist.xml; path = Info.plist; sourceTree = "<group>"; };
		860B042A1AA7A8ED00B3D96E /* MyPetTests.m */ = {isa = PBXFileReference; lastKnownFileType = sourcecode.c.objc; path = MyPetTests.m; sourceTree = "<group>"; };
/* End PBXFileReference section */

/* Begin PBXFrameworksBuildPhase section */
		860B04031AA7A8ED00B3D96E /* Frameworks */ = {
			isa = PBXFrameworksBuildPhase;
			buildActionMask = 2147483647;
			files = (
			);
			runOnlyForDeploymentPostprocessing = 0;
		};
		860B04211AA7A8ED00B3D96E /* Frameworks */ = {
			isa = PBXFrameworksBuildPhase;
			buildActionMask = 2147483647;
			files = (
			);
			runOnlyForDeploymentPostprocessing = 0;
		};
/* End PBXFrameworksBuildPhase section */

/* Begin PBXGroup section */
		860B03FD1AA7A8ED00B3D96E = {
			isa = PBXGroup;
			children = (
				860B04081AA7A8ED00B3D96E /* MyPet */,
				860B04271AA7A8ED00B3D96E /* MyPetTests */,
				860B04071AA7A8ED00B3D96E /* Products */,
			);
			sourceTree = "<group>";
		};
		860B04071AA7A8ED00B3D96E /* Products */ = {
			isa = PBXGroup;
			children = (
				860B04061AA7A8ED00B3D96E /* MyPet.app */,
				860B04241AA7A8ED00B3D96E /* MyPetTests.xctest */,
			);
			name = Products;
			sourceTree = "<group>";
		};
		860B04081AA7A8ED00B3D96E /* MyPet */ = {
			isa = PBXGroup;
			children = (
				860B040D1AA7A8ED00B3D96E /* AppDelegate.h */,
				860B040E1AA7A8ED00B3D96E /* AppDelegate.m */,
				860B04101AA7A8ED00B3D96E /* GameScene.h */,
				860B04111AA7A8ED00B3D96E /* GameScene.m */,
				860B04131AA7A8ED00B3D96E /* GameScene.sks */,
				860B04151AA7A8ED00B3D96E /* GameViewController.h */,
				860B04161AA7A8ED00B3D96E /* GameViewController.m */,
				860B04181AA7A8ED00B3D96E /* Main.storyboard */,
				860B041B1AA7A8ED00B3D96E /* Images.xcassets */,
				860B041D1AA7A8ED00B3D96E /* LaunchScreen.xib */,
				860B04091AA7A8ED00B3D96E /* Supporting Files */,
			);
			path = MyPet;
			sourceTree = "<group>";
		};
		860B04091AA7A8ED00B3D96E /* Supporting Files */ = {
			isa = PBXGroup;
			children = (
				860B040A1AA7A8ED00B3D96E /* Info.plist */,
				860B040B1AA7A8ED00B3D96E /* main.m */,
			);
			name = "Supporting Files";
			sourceTree = "<group>";
		};
		860B04271AA7A8ED00B3D96E /* MyPetTests */ = {
			isa = PBXGroup;
			children = (
				860B042A1AA7A8ED00B3D96E /* MyPetTests.m */,
				860B04281AA7A8ED00B3D96E /* Supporting Files */,
			);
			path = MyPetTests;
			sourceTree = "<group>";
		};
		860B04281AA7A8ED00B3D96E /* Supporting Files */ = {
			isa = PBXGroup;
			children = (
				860B04291AA7A8ED00B3D96E /* Info.plist */,
			);
			name = "Supporting Files";
			sourceTree = "<group>";
		};
/* End PBXGroup section */

/* Begin PBXNativeTarget section */
		860B04051AA7A8ED00B3D96E /* MyPet */ = {
			isa = PBXNativeTarget;
			buildConfigurationList = 860B042E1AA7A8ED00B3D96E /* Build configuration list for PBXNativeTarget "MyPet" */;
			buildPhases = (
				860B04021AA7A8ED00B3D96E /* Sources */,
				860B04031AA7A8ED00B3D96E /* Frameworks */,
				860B04041AA7A8ED00B3D96E /* Resources */,
			);
			buildRules = (
			);
			dependencies = (
			);
			name = MyPet;
			productName = MyPet;
			productReference = 860B04061AA7A8ED00B3D96E /* MyPet.app */;
			productType = "com.apple.product-type.application";
		};
		860B04231AA7A8ED00B3D96E /* MyPetTests */ = {
			isa = PBXNativeTarget;
			buildConfigurationList = 860B04311AA7A8ED00B3D96E /* Build configuration list for PBXNativeTarget "MyPetTests" */;
			buildPhases = (
				860B04201AA7A8ED00B3D96E /* Sources */,
				860B04211AA7A8ED00B3D96E /* Frameworks */,
				860B04221AA7A8ED00B3D96E /* Resources */,
			);
			buildRules = (
			);
			dependencies = (
				860B04261AA7A8ED00B3D96E /* PBXTargetDependency */,
			);
			name = MyPetTests;
			productName = MyPetTests;
			productReference = 860B04241AA7A8ED00B3D96E /* MyPetTests.xctest */;
			productType = "com.apple.product-type.bundle.unit-test";
		};
/* End PBXNativeTarget section */

/* Begin PBXProject section */
		860B03FE1AA7A8ED00B3D96E /* Project object */ = {
			isa = PBXProject;
			attributes = {
				LastUpgradeCheck = 0610;
				ORGANIZATIONNAME = "Jon Como";
				TargetAttributes = {
					860B04051AA7A8ED00B3D96E = {
						CreatedOnToolsVersion = 6.1.1;
					};
					860B04231AA7A8ED00B3D96E = {
						CreatedOnToolsVersion = 6.1.1;
						TestTargetID = 860B04051AA7A8ED00B3D96E;
					};
				};
			};
			buildConfigurationList = 860B04011AA7A8ED00B3D96E /* Build configuration list for PBXProject "MyPet" */;
			compatibilityVersion = "Xcode 3.2";
			developmentRegion = English;
			hasScannedForEncodings = 0;
			knownRegions = (
				en,
				Base,
			);
			mainGroup = 860B03FD1AA7A8ED00B3D96E;
			productRefGroup = 860B04071AA7A8ED00B3D96E /* Products */;
			projectDirPath = "";
			projectRoot = "";
			targets = (
				860B04051AA7A8ED00B3D96E /* MyPet */,
				860B04231AA7A8ED00B3D96E /* MyPetTests */,
			);
		};
/* End PBXProject section */

/* Begin PBXResourcesBuildPhase section */
		860B04041AA7A8ED00B3D96E /* Resources */ = {
			isa = PBXResourcesBuildPhase;
			buildActionMask = 2147483647;
			files = (
				860B041F1AA7A8ED00B3D96E /* LaunchScreen.xib in Resources */,
				860B041C1AA7A8ED00B3D96E /* Images.xcassets in Resources */,
				860B04141AA7A8ED00B3D96E /* GameScene.sks in Resources */,
				860B041A1AA7A8ED00B3D96E /* Main.storyboard in Resources */,
			);
			runOnlyForDeploymentPostprocessing = 0;
		};
		860B04221AA7A8ED00B3D96E /* Resources */ = {
			isa = PBXResourcesBuildPhase;
			buildActionMask = 2147483647;
			files = (
			);
			runOnlyForDeploymentPostprocessing = 0;
		};
/* End PBXResourcesBuildPhase section */

/* Begin PBXSourcesBuildPhase section */
		860B04021AA7A8ED00B3D96E /* Sources */ = {
			isa = PBXSourcesBuildPhase;
			buildActionMask = 2147483647;
			files = (
				860B04171AA7A8ED00B3D96E /* GameViewController.m in Sources */,
				860B040F1AA7A8ED00B3D96E /* AppDelegate.m in Sources */,
				860B04121AA7A8ED00B3D96E /* GameScene.m in Sources */,
				860B040C1AA7A8ED00B3D96E /* main.m in Sources */,
			);
			runOnlyForDeploymentPostprocessing = 0;
		};
		860B04201AA7A8ED00B3D96E /* Sources */ = {
			isa = PBXSourcesBuildPhase;
			buildActionMask = 2147483647;
			files = (
				860B042B1AA7A8ED00B3D96E /* MyPetTests.m in Sources */,
			);
			runOnlyForDeploymentPostprocessing = 0;
		};
/* End PBXSourcesBuildPhase section */

/* Begin PBXTargetDependency section */
		860B04261AA7A8ED00B3D96E /* PBXTargetDependency */ = {
			isa = PBXTargetDependency;
			target = 860B04051AA7A8ED00B3D96E /* MyPet */;
			targetProxy = 860B04251AA7A8ED00B3D96E /* PBXContainerItemProxy */;
		};
/* End PBXTargetDependency section */

/* Begin PBXVariantGroup section */
		860B04181AA7A8ED00B3D96E /* Main.storyboard */ = {
			isa = PBXVariantGroup;
			children = (
				860B04191AA7A8ED00B3D96E /* Base */,
			);
			name = Main.storyboard;
			sourceTree = "<group>";
		};
		860B041D1AA7A8ED00B3D96E /* LaunchScreen.xib */ = {
			isa = PBXVariantGroup;
			children = (
				860B041E1AA7A8ED00B3D96E /* Base */,
			);
			name = LaunchScreen.xib;
			sourceTree = "<group>";
		};
/* End PBXVariantGroup section */

/* Begin XCBuildConfiguration section */
		860B042C1AA7A8ED00B3D96E /* Debug */ = {
			isa = XCBuildConfiguration;
			buildSettings = {
				ALWAYS_SEARCH_USER_PATHS = NO;
				CLANG_CXX_LANGUAGE_STANDARD = "gnu++0x";
				CLANG_CXX_LIBRARY = "libc++";
				CLANG_ENABLE_MODULES = YES;
				CLANG_ENABLE_OBJC_ARC = YES;
				CLANG_WARN_BOOL_CONVERSION = YES;
				CLANG_WARN_CONSTANT_CONVERSION = YES;
				CLANG_WARN_DIRECT_OBJC_ISA_USAGE = YES_ERROR;
				CLANG_WARN_EMPTY_BODY = YES;
				CLANG_WARN_ENUM_CONVERSION = YES;
				CLANG_WARN_INT_CONVERSION = YES;
				CLANG_WARN_OBJC_ROOT_CLASS = YES_ERROR;
				CLANG_WARN_UNREACHABLE_CODE = YES;
				CLANG_WARN__DUPLICATE_METHOD_MATCH = YES;
				"CODE_SIGN_IDENTITY[sdk=iphoneos*]" = "iPhone Developer";
				COPY_PHASE_STRIP = NO;
				ENABLE_STRICT_OBJC_MSGSEND = YES;
				GCC_C_LANGUAGE_STANDARD = gnu99;
				GCC_DYNAMIC_NO_PIC = NO;
				GCC_OPTIMIZATION_LEVEL = 0;
				GCC_PREPROCESSOR_DEFINITIONS = (
					"DEBUG=1",
					"$(inherited)",
				);
				GCC_SYMBOLS_PRIVATE_EXTERN = NO;
				GCC_WARN_64_TO_32_BIT_CONVERSION = YES;
				GCC_WARN_ABOUT_RETURN_TYPE = YES_ERROR;
				GCC_WARN_UNDECLARED_SELECTOR = YES;
				GCC_WARN_UNINITIALIZED_AUTOS = YES_AGGRESSIVE;
				GCC_WARN_UNUSED_FUNCTION = YES;
				GCC_WARN_UNUSED_VARIABLE = YES;
				IPHONEOS_DEPLOYMENT_TARGET = 8.1;
				MTL_ENABLE_DEBUG_INFO = YES;
				ONLY_ACTIVE_ARCH = YES;
				SDKROOT = iphoneos;
			};
			name = Debug;
		};
		860B042D1AA7A8ED00B3D96E /* Release */ = {
			isa = XCBuildConfiguration;
			buildSettings = {
				ALWAYS_SEARCH_USER_PATHS = NO;
				CLANG_CXX_LANGUAGE_STANDARD = "gnu++0x";
				CLANG_CXX_LIBRARY = "libc++";
				CLANG_ENABLE_MODULES = YES;
				CLANG_ENABLE_OBJC_ARC = YES;
				CLANG_WARN_BOOL_CONVERSION = YES;
				CLANG_WARN_CONSTANT_CONVERSION = YES;
				CLANG_WARN_DIRECT_OBJC_ISA_USAGE = YES_ERROR;
				CLANG_WARN_EMPTY_BODY = YES;
				CLANG_WARN_ENUM_CONVERSION = YES;
				CLANG_WARN_INT_CONVERSION = YES;
				CLANG_WARN_OBJC_ROOT_CLASS = YES_ERROR;
				CLANG_WARN_UNREACHABLE_CODE = YES;
				CLANG_WARN__DUPLICATE_METHOD_MATCH = YES;
				"CODE_SIGN_IDENTITY[sdk=iphoneos*]" = "iPhone Developer";
				COPY_PHASE_STRIP = YES;
				ENABLE_NS_ASSERTIONS = NO;
				ENABLE_STRICT_OBJC_MSGSEND = YES;
				GCC_C_LANGUAGE_STANDARD = gnu99;
				GCC_WARN_64_TO_32_BIT_CONVERSION = YES;
				GCC_WARN_ABOUT_RETURN_TYPE = YES_ERROR;
				GCC_WARN_UNDECLARED_SELECTOR = YES;
				GCC_WARN_UNINITIALIZED_AUTOS = YES_AGGRESSIVE;
				GCC_WARN_UNUSED_FUNCTION = YES;
				GCC_WARN_UNUSED_VARIABLE = YES;
				IPHONEOS_DEPLOYMENT_TARGET = 8.1;
				MTL_ENABLE_DEBUG_INFO = NO;
				SDKROOT = iphoneos;
				VALIDATE_PRODUCT = YES;
			};
			name = Release;
		};
		860B042F1AA7A8ED00B3D96E /* Debug */ = {
			isa = XCBuildConfiguration;
			buildSettings = {
				ASSETCATALOG_COMPILER_APPICON_NAME = AppIcon;
				INFOPLIST_FILE = MyPet/Info.plist;
				LD_RUNPATH_SEARCH_PATHS = "$(inherited) @executable_path/Frameworks";
				PRODUCT_NAME = "$(TARGET_NAME)";
			};
			name = Debug;
		};
		860B04301AA7A8ED00B3D96E /* Release */ = {
			isa = XCBuildConfiguration;
			buildSettings = {
				ASSETCATALOG_COMPILER_APPICON_NAME = AppIcon;
				INFOPLIST_FILE = MyPet/Info.plist;
				LD_RUNPATH_SEARCH_PATHS = "$(inherited) @executable_path/Frameworks";
				PRODUCT_NAME = "$(TARGET_NAME)";
			};
			name = Release;
		};
		860B04321AA7A8ED00B3D96E /* Debug */ = {
			isa = XCBuildConfiguration;
			buildSettings = {
				BUNDLE_LOADER = "$(TEST_HOST)";
				FRAMEWORK_SEARCH_PATHS = (
					"$(SDKROOT)/Developer/Library/Frameworks",
					"$(inherited)",
				);
				GCC_PREPROCESSOR_DEFINITIONS = (
					"DEBUG=1",
					"$(inherited)",
				);
				INFOPLIST_FILE = MyPetTests/Info.plist;
				LD_RUNPATH_SEARCH_PATHS = "$(inherited) @executable_path/Frameworks @loader_path/Frameworks";
				PRODUCT_NAME = "$(TARGET_NAME)";
				TEST_HOST = "$(BUILT_PRODUCTS_DIR)/MyPet.app/MyPet";
			};
			name = Debug;
		};
		860B04331AA7A8ED00B3D96E /* Release */ = {
			isa = XCBuildConfiguration;
			buildSettings = {
				BUNDLE_LOADER = "$(TEST_HOST)";
				FRAMEWORK_SEARCH_PATHS = (
					"$(SDKROOT)/Developer/Library/Frameworks",
					"$(inherited)",
				);
				INFOPLIST_FILE = MyPetTests/Info.plist;
				LD_RUNPATH_SEARCH_PATHS = "$(inherited) @executable_path/Frameworks @loader_path/Frameworks";
				PRODUCT_NAME = "$(TARGET_NAME)";
				TEST_HOST = "$(BUILT_PRODUCTS_DIR)/MyPet.app/MyPet";
			};
			name = Release;
		};
/* End XCBuildConfiguration section */

/* Begin XCConfigurationList section */
		860B04011AA7A8ED00B3D96E /* Build configuration list for PBXProject "MyPet" */ = {
			isa = XCConfigurationList;
			buildConfigurations = (
				860B042C1AA7A8ED00B3D96E /* Debug */,
				860B042D1AA7A8ED00B3D96E /* Release */,
			);
			defaultConfigurationIsVisible = 0;
			defaultConfigurationName = Release;
		};
		860B042E1AA7A8ED00B3D96E /* Build configuration list for PBXNativeTarget "MyPet" */ = {
			isa = XCConfigurationList;
			buildConfigurations = (
				860B042F1AA7A8ED00B3D96E /* Debug */,
				860B04301AA7A8ED00B3D96E /* Release */,
			);
			defaultConfigurationIsVisible = 0;
		};
		860B04311AA7A8ED00B3D96E /* Build configuration list for PBXNativeTarget "MyPetTests" */ = {
			isa = XCConfigurationList;
			buildConfigurations = (
				860B04321AA7A8ED00B3D96E /* Debug */,
				860B04331AA7A8ED00B3D96E /* Release */,
			);
			defaultConfigurationIsVisible = 0;
		};
/* End XCConfigurationList section */
	};
	rootObject = 860B03FE1AA7A8ED00B3D96E /* Project object */;
}
